
Microsoft Visual Studio Solution File, Format Version 12.00
# Visual Studio Version 16
VisualStudioVersion = 16.0.30907.101
MinimumVisualStudioVersion = 10.0.40219.1
Project("{FAE04EC0-301F-11D3-BF4B-00C04F79EFBC}") = "TableTendersMVCService", "TableTendersMVCService\TableTendersMVCService.csproj", "{B1C76951-3F2E-4C29-AFD2-352CD102B8C9}"
EndProject
Global
	GlobalSection(SolutionConfigurationPlatforms) = preSolution
		Debug|Any CPU = Debug|Any CPU
		Release|Any CPU = Release|Any CPU
	EndGlobalSection
	GlobalSection(ProjectConfigurationPlatforms) = postSolution
		{B1C76951-3F2E-4C29-AFD2-352CD102B8C9}.Debug|Any CPU.ActiveCfg = Debug|Any CPU
		{B1C76951-3F2E-4C29-AFD2-352CD102B8C9}.Debug|Any CPU.Build.0 = Debug|Any CPU
		{B1C76951-3F2E-4C29-AFD2-352CD102B8C9}.Release|Any CPU.ActiveCfg = Release|Any CPU
		{B1C76951-3F2E-4C29-AFD2-352CD102B8C9}.Release|Any CPU.Build.0 = Release|Any CPU
	EndGlobalSection
	GlobalSection(SolutionProperties) = preSolution
		HideSolutionNode = FALSE
	EndGlobalSection
	GlobalSection(ExtensibilityGlobals) = postSolution
		SolutionGuid = {706C7D9B-9E22-40AC-9D85-B2E0B8F43728}
	EndGlobalSection
EndGlobal
